
Microsoft Visual Studio Solution File, Format Version 12.00
# Visual Studio Version 17
VisualStudioVersion = 17.1.32328.378
MinimumVisualStudioVersion = 10.0.40219.1
Project("{9A19103F-16F7-4668-BE54-9A1E7A4F7556}") = "snake_game_BY_Kauatav", "Snake_project_by_koustav\snake_game_BY_Kauatav.csproj", "{A82B202B-6C4E-40AF-95CF-217AC0F7CC76}"
EndProject
Global
	GlobalSection(SolutionConfigurationPlatforms) = preSolution
		Debug|Any CPU = Debug|Any CPU
		Release|Any CPU = Release|Any CPU
	EndGlobalSection
	GlobalSection(ProjectConfigurationPlatforms) = postSolution
		{A82B202B-6C4E-40AF-95CF-217AC0F7CC76}.Debug|Any CPU.ActiveCfg = Debug|Any CPU
		{A82B202B-6C4E-40AF-95CF-217AC0F7CC76}.Debug|Any CPU.Build.0 = Debug|Any CPU
		{A82B202B-6C4E-40AF-95CF-217AC0F7CC76}.Release|Any CPU.ActiveCfg = Release|Any CPU
		{A82B202B-6C4E-40AF-95CF-217AC0F7CC76}.Release|Any CPU.Build.0 = Release|Any CPU
	EndGlobalSection
	GlobalSection(SolutionProperties) = preSolution
		HideSolutionNode = FALSE
	EndGlobalSection
	GlobalSection(ExtensibilityGlobals) = postSolution
		SolutionGuid = {552483AB-1797-4A66-85EA-B1F42C2F4359}
	EndGlobalSection
EndGlobal
